
Microsoft Visual Studio Solution File, Format Version 12.00
# Visual Studio Version 16
VisualStudioVersion = 16.0.30225.117
MinimumVisualStudioVersion = 10.0.40219.1
Project("{FAE04EC0-301F-11D3-BF4B-00C04F79EFBC}") = "Test", "Test\Test.csproj", "{B9DE72DB-C483-45B4-9976-B8DA3F883983}"
EndProject
Project("{FAE04EC0-301F-11D3-BF4B-00C04F79EFBC}") = "WebApp", "WebApp\WebApp.csproj", "{1CDB2BD4-FAD8-408F-A09B-ABBEBB0764DF}"
EndProject
Global
	GlobalSection(SolutionConfigurationPlatforms) = preSolution
		Debug|Any CPU = Debug|Any CPU
		Release|Any CPU = Release|Any CPU
	EndGlobalSection
	GlobalSection(ProjectConfigurationPlatforms) = postSolution
		{B9DE72DB-C483-45B4-9976-B8DA3F883983}.Debug|Any CPU.ActiveCfg = Debug|Any CPU
		{B9DE72DB-C483-45B4-9976-B8DA3F883983}.Debug|Any CPU.Build.0 = Debug|Any CPU
		{B9DE72DB-C483-45B4-9976-B8DA3F883983}.Release|Any CPU.ActiveCfg = Release|Any CPU
		{B9DE72DB-C483-45B4-9976-B8DA3F883983}.Release|Any CPU.Build.0 = Release|Any CPU
		{1CDB2BD4-FAD8-408F-A09B-ABBEBB0764DF}.Debug|Any CPU.ActiveCfg = Debug|Any CPU
		{1CDB2BD4-FAD8-408F-A09B-ABBEBB0764DF}.Debug|Any CPU.Build.0 = Debug|Any CPU
		{1CDB2BD4-FAD8-408F-A09B-ABBEBB0764DF}.Release|Any CPU.ActiveCfg = Release|Any CPU
		{1CDB2BD4-FAD8-408F-A09B-ABBEBB0764DF}.Release|Any CPU.Build.0 = Release|Any CPU
	EndGlobalSection
	GlobalSection(SolutionProperties) = preSolution
		HideSolutionNode = FALSE
	EndGlobalSection
	GlobalSection(ExtensibilityGlobals) = postSolution
		SolutionGuid = {0F245441-CF65-4090-8BFE-1B744D0434E5}
	EndGlobalSection
EndGlobal
